{
  "name": "photogrid",
  "version": "1.0.0",
  "lockfileVersion": 3,
  "requires": true,
  "packages": {
    "": {
      "name": "photogrid",
      "version": "1.0.0",
      "license": "GPL-3.0",
      "devDependencies": {
        "exifreader": "^4.26.1",
        "xml": "^1.0.1"
      }
    },
    "node_modules/@xmldom/xmldom": {
      "version": "0.9.8",
      "resolved": "https://registry.npmjs.org/@xmldom/xmldom/-/xmldom-0.9.8.tgz",
      "integrity": "sha512-p96FSY54r+WJ50FIOsCOjyj/wavs8921hG5+kVMmZgKcvIKxMXHTrjNJvRgWa/zuX3B6t2lijLNFaOyuxUH+2A==",
      "dev": true,
      "license": "MIT",
      "optional": true,
      "engines": {
        "node": ">=14.6"
      }
    },
    "node_modules/exifreader": {
      "version": "4.26.1",
      "resolved": "https://registry.npmjs.org/exifreader/-/exifreader-4.26.1.tgz",
      "integrity": "sha512-5u7LooUryPAhdQ/Wn5n/P8WsWJ/DxZ5AToc7gTDlzN41QlecGFEt3y+rXpaOe7GhxZ8cD5t8E7yqrq0oZeVHmw==",
      "dev": true,
      "hasInstallScript": true,
      "license": "MPL-2.0",
      "optionalDependencies": {
        "@xmldom/xmldom": "^0.9.4"
      }
    },
    "node_modules/xml": {
      "version": "1.0.1",
      "resolved": "https://registry.npmjs.org/xml/-/xml-1.0.1.tgz",
      "integrity": "sha512-huCv9IH9Tcf95zuYCsQraZtWnJvBtLVE0QHMOs8bWyZAFZNDcYjsPq1nEx8jKA9y+Beo9v+7OBPRisQTjinQMw==",
      "dev": true,
      "license": "MIT"
    }
  }
}
